
Microsoft Visual Studio Solution File, Format Version 12.00
# Visual Studio Version 17
VisualStudioVersion = 17.6.33815.320
MinimumVisualStudioVersion = 10.0.40219.1
Project("{FAE04EC0-301F-11D3-BF4B-00C04F79EFBC}") = "meteov2", "meteov2.csproj", "{ADC5AE2A-13F3-4571-88BE-61D807DFAF0E}"
EndProject
Global
	GlobalSection(SolutionConfigurationPlatforms) = preSolution
		Debug|Any CPU = Debug|Any CPU
		Release|Any CPU = Release|Any CPU
	EndGlobalSection
	GlobalSection(ProjectConfigurationPlatforms) = postSolution
		{ADC5AE2A-13F3-4571-88BE-61D807DFAF0E}.Debug|Any CPU.ActiveCfg = Debug|Any CPU
		{ADC5AE2A-13F3-4571-88BE-61D807DFAF0E}.Debug|Any CPU.Build.0 = Debug|Any CPU
		{ADC5AE2A-13F3-4571-88BE-61D807DFAF0E}.Release|Any CPU.ActiveCfg = Release|Any CPU
		{ADC5AE2A-13F3-4571-88BE-61D807DFAF0E}.Release|Any CPU.Build.0 = Release|Any CPU
	EndGlobalSection
	GlobalSection(SolutionProperties) = preSolution
		HideSolutionNode = FALSE
	EndGlobalSection
	GlobalSection(ExtensibilityGlobals) = postSolution
		SolutionGuid = {2DE7256F-77D4-4AAC-83BB-6EA890F78137}
	EndGlobalSection
EndGlobal
